
Microsoft Visual Studio Solution File, Format Version 12.00
# Visual Studio Version 17
VisualStudioVersion = 17.7.34031.279
MinimumVisualStudioVersion = 10.0.40219.1
Project("{FAE04EC0-301F-11D3-BF4B-00C04F79EFBC}") = "GEMS", "GEMS.csproj", "{0DAF48E1-998B-44BB-B70E-02DA334ECCB0}"
EndProject
Global
	GlobalSection(SolutionConfigurationPlatforms) = preSolution
		Debug|Any CPU = Debug|Any CPU
		Release|Any CPU = Release|Any CPU
	EndGlobalSection
	GlobalSection(ProjectConfigurationPlatforms) = postSolution
		{0DAF48E1-998B-44BB-B70E-02DA334ECCB0}.Debug|Any CPU.ActiveCfg = Debug|Any CPU
		{0DAF48E1-998B-44BB-B70E-02DA334ECCB0}.Debug|Any CPU.Build.0 = Debug|Any CPU
		{0DAF48E1-998B-44BB-B70E-02DA334ECCB0}.Release|Any CPU.ActiveCfg = Release|Any CPU
		{0DAF48E1-998B-44BB-B70E-02DA334ECCB0}.Release|Any CPU.Build.0 = Release|Any CPU
	EndGlobalSection
	GlobalSection(SolutionProperties) = preSolution
		HideSolutionNode = FALSE
	EndGlobalSection
	GlobalSection(ExtensibilityGlobals) = postSolution
		SolutionGuid = {421EA009-F10B-46A5-A886-6AE6324BBC24}
	EndGlobalSection
EndGlobal
